<Solution>
  <Folder Name="/src/">
    <Project Path="src/PeakCan.Host.App/PeakCan.Host.App.csproj" />
    <Project Path="src/PeakCan.Host.Cli/PeakCan.Host.Cli.csproj" />
    <Project Path="src/PeakCan.Host.Core/PeakCan.Host.Core.csproj" />
    <Project Path="src/PeakCan.Host.Infrastructure/PeakCan.Host.Infrastructure.csproj" />
    <Project Path="src/PeakCan.Host.Mobile.Core/PeakCan.Host.Mobile.Core.csproj" />
    <!-- SecOC Phase 1：通道无关密码库（spec D2，不引用 hil-core） -->
    <Project Path="src/PeakCan.Security/PeakCan.Security.csproj" />
  </Folder>
  <Folder Name="/tests/">
    <Project Path="tests/PeakCan.Host.App.Tests/PeakCan.Host.App.Tests.csproj" />
    <Project Path="tests/PeakCan.Host.Cli.Tests/PeakCan.Host.Cli.Tests.csproj" />
    <Project Path="tests/PeakCan.Host.Core.Tests/PeakCan.Host.Core.Tests.csproj" />
    <Project Path="tests/PeakCan.Host.Infrastructure.Tests/PeakCan.Host.Infrastructure.Tests.csproj" />
    <Project Path="tests/PeakCan.Host.Mobile.Core.Tests/PeakCan.Host.Mobile.Core.Tests.csproj" />
    <Project Path="tests/PeakCan.Security.Tests/PeakCan.Security.Tests.csproj" />
    <Project Path="tests/PromptCacheProbe.Tests/PromptCacheProbe.Tests.csproj" />
  </Folder>
  <!-- NOTE: the Android head project (src/PeakCan.Host.Mobile) is intentionally
       NOT here — it needs the android workload, unavailable on the CI runner.
       It lives in PeakCan.Host.Mobile.slnx and is built locally only. -->
</Solution>
